
Microsoft Visual Studio Solution File, Format Version 12.00
# Visual Studio Version 17
VisualStudioVersion = 17.11.35222.181
MinimumVisualStudioVersion = 10.0.40219.1
Project("{FAE04EC0-301F-11D3-BF4B-00C04F79EFBC}") = "cumulative1", "cumulative1\cumulative1.csproj", "{53424D00-72EB-489E-A8BD-07F3C18F1D6C}"
EndProject
Global
	GlobalSection(SolutionConfigurationPlatforms) = preSolution
		Debug|Any CPU = Debug|Any CPU
		Release|Any CPU = Release|Any CPU
	EndGlobalSection
	GlobalSection(ProjectConfigurationPlatforms) = postSolution
		{53424D00-72EB-489E-A8BD-07F3C18F1D6C}.Debug|Any CPU.ActiveCfg = Debug|Any CPU
		{53424D00-72EB-489E-A8BD-07F3C18F1D6C}.Debug|Any CPU.Build.0 = Debug|Any CPU
		{53424D00-72EB-489E-A8BD-07F3C18F1D6C}.Release|Any CPU.ActiveCfg = Release|Any CPU
		{53424D00-72EB-489E-A8BD-07F3C18F1D6C}.Release|Any CPU.Build.0 = Release|Any CPU
	EndGlobalSection
	GlobalSection(SolutionProperties) = preSolution
		HideSolutionNode = FALSE
	EndGlobalSection
	GlobalSection(ExtensibilityGlobals) = postSolution
		SolutionGuid = {7193A803-489B-4530-A789-6FAFCBE1C6C2}
	EndGlobalSection
EndGlobal
