
Microsoft Visual Studio Solution File, Format Version 12.00
# Visual Studio Version 17
VisualStudioVersion = 17.11.35222.181
MinimumVisualStudioVersion = 10.0.40219.1
Project("{FAE04EC0-301F-11D3-BF4B-00C04F79EFBC}") = "assignment1", "assignment1\assignment1.csproj", "{2FFEFD99-04D4-445F-AE78-50EEF5DC792E}"
EndProject
Global
	GlobalSection(SolutionConfigurationPlatforms) = preSolution
		Debug|Any CPU = Debug|Any CPU
		Release|Any CPU = Release|Any CPU
	EndGlobalSection
	GlobalSection(ProjectConfigurationPlatforms) = postSolution
		{2FFEFD99-04D4-445F-AE78-50EEF5DC792E}.Debug|Any CPU.ActiveCfg = Debug|Any CPU
		{2FFEFD99-04D4-445F-AE78-50EEF5DC792E}.Debug|Any CPU.Build.0 = Debug|Any CPU
		{2FFEFD99-04D4-445F-AE78-50EEF5DC792E}.Release|Any CPU.ActiveCfg = Release|Any CPU
		{2FFEFD99-04D4-445F-AE78-50EEF5DC792E}.Release|Any CPU.Build.0 = Release|Any CPU
	EndGlobalSection
	GlobalSection(SolutionProperties) = preSolution
		HideSolutionNode = FALSE
	EndGlobalSection
	GlobalSection(ExtensibilityGlobals) = postSolution
		SolutionGuid = {A12118C8-7F70-4CEF-A2E5-F8DE00AA159F}
	EndGlobalSection
EndGlobal
